
Microsoft Visual Studio Solution File, Format Version 12.00
# Visual Studio Version 17
VisualStudioVersion = 17.14.36429.23 d17.14
MinimumVisualStudioVersion = 10.0.40219.1
Project("{FAE04EC0-301F-11D3-BF4B-00C04F79EFBC}") = "SpecijalanBroj", "SpecijalanBroj\SpecijalanBroj.csproj", "{E7441832-FEE2-49CC-9188-897DC51E49F4}"
EndProject
Global
	GlobalSection(SolutionConfigurationPlatforms) = preSolution
		Debug|Any CPU = Debug|Any CPU
		Release|Any CPU = Release|Any CPU
	EndGlobalSection
	GlobalSection(ProjectConfigurationPlatforms) = postSolution
		{E7441832-FEE2-49CC-9188-897DC51E49F4}.Debug|Any CPU.ActiveCfg = Debug|Any CPU
		{E7441832-FEE2-49CC-9188-897DC51E49F4}.Debug|Any CPU.Build.0 = Debug|Any CPU
		{E7441832-FEE2-49CC-9188-897DC51E49F4}.Release|Any CPU.ActiveCfg = Release|Any CPU
		{E7441832-FEE2-49CC-9188-897DC51E49F4}.Release|Any CPU.Build.0 = Release|Any CPU
	EndGlobalSection
	GlobalSection(SolutionProperties) = preSolution
		HideSolutionNode = FALSE
	EndGlobalSection
	GlobalSection(ExtensibilityGlobals) = postSolution
		SolutionGuid = {D35E3438-CF3D-4508-90FA-9F7B9C96C5A2}
	EndGlobalSection
EndGlobal
