
Microsoft Visual Studio Solution File, Format Version 12.00
# Visual Studio Version 17
VisualStudioVersion = 17.14.36429.23 d17.14
MinimumVisualStudioVersion = 10.0.40219.1
Project("{FAE04EC0-301F-11D3-BF4B-00C04F79EFBC}") = "Suma", "Suma\Suma.csproj", "{0B06545D-9F96-44FE-9D87-6B5BC9E533A1}"
EndProject
Project("{FAE04EC0-301F-11D3-BF4B-00C04F79EFBC}") = "PozitivanNegativanBroj", "PozitivanNegativanBroj\PozitivanNegativanBroj.csproj", "{99831066-D406-477A-BB28-81A2634C0284}"
EndProject
Project("{FAE04EC0-301F-11D3-BF4B-00C04F79EFBC}") = "BrojZnamenaka", "BrojZnamenaka\BrojZnamenaka.csproj", "{D3AFA7B0-0E6A-4EF7-B628-54B991C095EE}"
EndProject
Project("{FAE04EC0-301F-11D3-BF4B-00C04F79EFBC}") = "Interval", "Interval\Interval.csproj", "{0E810345-1F18-4EC6-9E3B-EB5977768DEF}"
EndProject
Project("{FAE04EC0-301F-11D3-BF4B-00C04F79EFBC}") = "DjeljivSa6", "DjeljivSa6\DjeljivSa6.csproj", "{0697470D-9918-4EC3-B3DA-C28F67E1B604}"
EndProject
Project("{FAE04EC0-301F-11D3-BF4B-00C04F79EFBC}") = "PrijestupnaGodina", "PrijestupnaGodina\PrijestupnaGodina.csproj", "{12B95858-CF0C-474A-98C0-ADF969279AA7}"
EndProject
Global
	GlobalSection(SolutionConfigurationPlatforms) = preSolution
		Debug|Any CPU = Debug|Any CPU
		Release|Any CPU = Release|Any CPU
	EndGlobalSection
	GlobalSection(ProjectConfigurationPlatforms) = postSolution
		{0B06545D-9F96-44FE-9D87-6B5BC9E533A1}.Debug|Any CPU.ActiveCfg = Debug|Any CPU
		{0B06545D-9F96-44FE-9D87-6B5BC9E533A1}.Debug|Any CPU.Build.0 = Debug|Any CPU
		{0B06545D-9F96-44FE-9D87-6B5BC9E533A1}.Release|Any CPU.ActiveCfg = Release|Any CPU
		{0B06545D-9F96-44FE-9D87-6B5BC9E533A1}.Release|Any CPU.Build.0 = Release|Any CPU
		{99831066-D406-477A-BB28-81A2634C0284}.Debug|Any CPU.ActiveCfg = Debug|Any CPU
		{99831066-D406-477A-BB28-81A2634C0284}.Debug|Any CPU.Build.0 = Debug|Any CPU
		{99831066-D406-477A-BB28-81A2634C0284}.Release|Any CPU.ActiveCfg = Release|Any CPU
		{99831066-D406-477A-BB28-81A2634C0284}.Release|Any CPU.Build.0 = Release|Any CPU
		{D3AFA7B0-0E6A-4EF7-B628-54B991C095EE}.Debug|Any CPU.ActiveCfg = Debug|Any CPU
		{D3AFA7B0-0E6A-4EF7-B628-54B991C095EE}.Debug|Any CPU.Build.0 = Debug|Any CPU
		{D3AFA7B0-0E6A-4EF7-B628-54B991C095EE}.Release|Any CPU.ActiveCfg = Release|Any CPU
		{D3AFA7B0-0E6A-4EF7-B628-54B991C095EE}.Release|Any CPU.Build.0 = Release|Any CPU
		{0E810345-1F18-4EC6-9E3B-EB5977768DEF}.Debug|Any CPU.ActiveCfg = Debug|Any CPU
		{0E810345-1F18-4EC6-9E3B-EB5977768DEF}.Debug|Any CPU.Build.0 = Debug|Any CPU
		{0E810345-1F18-4EC6-9E3B-EB5977768DEF}.Release|Any CPU.ActiveCfg = Release|Any CPU
		{0E810345-1F18-4EC6-9E3B-EB5977768DEF}.Release|Any CPU.Build.0 = Release|Any CPU
		{0697470D-9918-4EC3-B3DA-C28F67E1B604}.Debug|Any CPU.ActiveCfg = Debug|Any CPU
		{0697470D-9918-4EC3-B3DA-C28F67E1B604}.Debug|Any CPU.Build.0 = Debug|Any CPU
		{0697470D-9918-4EC3-B3DA-C28F67E1B604}.Release|Any CPU.ActiveCfg = Release|Any CPU
		{0697470D-9918-4EC3-B3DA-C28F67E1B604}.Release|Any CPU.Build.0 = Release|Any CPU
		{12B95858-CF0C-474A-98C0-ADF969279AA7}.Debug|Any CPU.ActiveCfg = Debug|Any CPU
		{12B95858-CF0C-474A-98C0-ADF969279AA7}.Debug|Any CPU.Build.0 = Debug|Any CPU
		{12B95858-CF0C-474A-98C0-ADF969279AA7}.Release|Any CPU.ActiveCfg = Release|Any CPU
		{12B95858-CF0C-474A-98C0-ADF969279AA7}.Release|Any CPU.Build.0 = Release|Any CPU
	EndGlobalSection
	GlobalSection(SolutionProperties) = preSolution
		HideSolutionNode = FALSE
	EndGlobalSection
	GlobalSection(ExtensibilityGlobals) = postSolution
		SolutionGuid = {7FEF330C-25F7-42EC-AFCF-D295A869F5F0}
	EndGlobalSection
EndGlobal
